// !$*UTF8*$!
{
	archiveVersion = 1;
	classes = {
	};
	objectVersion = 46;
	objects = {

/* Begin PBXBuildFile section */
		82A39DAA1C2014F300098937 /* AppDelegate.swift in Sources */ = {isa = PBXBuildFile; fileRef = 82A39DA91C2014F300098937 /* AppDelegate.swift */; };
		82A39DAC1C2014F300098937 /* ViewController.swift in Sources */ = {isa = PBXBuildFile; fileRef = 82A39DAB1C2014F300098937 /* ViewController.swift */; };
		82A39DAF1C2014F300098937 /* Main.storyboard in Resources */ = {isa = PBXBuildFile; fileRef = 82A39DAD1C2014F300098937 /* Main.storyboard */; };
		82A39DB11C2014F300098937 /* Assets.xcassets in Resources */ = {isa = PBXBuildFile; fileRef = 82A39DB01C2014F300098937 /* Assets.xcassets */; };
		82A39DB41C2014F300098937 /* LaunchScreen.storyboard in Resources */ = {isa = PBXBuildFile; fileRef = 82A39DB21C2014F300098937 /* LaunchScreen.storyboard */; };
		82A39DBC1C20152A00098937 /* CanvasView.swift in Sources */ = {isa = PBXBuildFile; fileRef = 82A39DBB1C20152A00098937 /* CanvasView.swift */; };
/* End PBXBuildFile section */

/* Begin PBXFileReference section */
		82A39DA61C2014F300098937 /* scheduleDemo.app */ = {isa = PBXFileReference; explicitFileType = wrapper.application; includeInIndex = 0; path = scheduleDemo.app; sourceTree = BUILT_PRODUCTS_DIR; };
		82A39DA91C2014F300098937 /* AppDelegate.swift */ = {isa = PBXFileReference; lastKnownFileType = sourcecode.swift; path = AppDelegate.swift; sourceTree = "<group>"; };
		82A39DAB1C2014F300098937 /* ViewController.swift */ = {isa = PBXFileReference; lastKnownFileType = sourcecode.swift; path = ViewController.swift; sourceTree = "<group>"; };
		82A39DAE1C2014F300098937 /* Base */ = {isa = PBXFileReference; lastKnownFileType = file.storyboard; name = Base; path = Base.lproj/Main.storyboard; sourceTree = "<group>"; };
		82A39DB01C2014F300098937 /* Assets.xcassets */ = {isa = PBXFileReference; lastKnownFileType = folder.assetcatalog; path = Assets.xcassets; sourceTree = "<group>"; };
		82A39DB31C2014F300098937 /* Base */ = {isa = PBXFileReference; lastKnownFileType = file.storyboard; name = Base; path = Base.lproj/LaunchScreen.storyboard; sourceTree = "<group>"; };
		82A39DB51C2014F300098937 /* Info.plist */ = {isa = PBXFileReference; lastKnownFileType = text.plist.xml; path = Info.plist; sourceTree = "<group>"; };
		82A39DBB1C20152A00098937 /* CanvasView.swift */ = {isa = PBXFileReference; fileEncoding = 4; lastKnownFileType = sourcecode.swift; path = CanvasView.swift; sourceTree = "<group>"; };
/* End PBXFileReference section */

/* Begin PBXFrameworksBuildPhase section */
		82A39DA31C2014F300098937 /* Frameworks */ = {
			isa = PBXFrameworksBuildPhase;
			buildActionMask = 2147483647;
			files = (
			);
			runOnlyForDeploymentPostprocessing = 0;
		};
/* End PBXFrameworksBuildPhase section */

/* Begin PBXGroup section */
		82A39D9D1C2014F300098937 = {
			isa = PBXGroup;
			children = (
				82A39DA81C2014F300098937 /* scheduleDemo */,
				82A39DA71C2014F300098937 /* Products */,
			);
			sourceTree = "<group>";
		};
		82A39DA71C2014F300098937 /* Products */ = {
			isa = PBXGroup;
			children = (
				82A39DA61C2014F300098937 /* scheduleDemo.app */,
			);
			name = Products;
			sourceTree = "<group>";
		};
		82A39DA81C2014F300098937 /* scheduleDemo */ = {
			isa = PBXGroup;
			children = (
				82A39DA91C2014F300098937 /* AppDelegate.swift */,
				82A39DAB1C2014F300098937 /* ViewController.swift */,
				82A39DAD1C2014F300098937 /* Main.storyboard */,
				82A39DB01C2014F300098937 /* Assets.xcassets */,
				82A39DB21C2014F300098937 /* LaunchScreen.storyboard */,
				82A39DB51C2014F300098937 /* Info.plist */,
				82A39DBB1C20152A00098937 /* CanvasView.swift */,
			);
			path = scheduleDemo;
			sourceTree = "<group>";
		};
/* End PBXGroup section */

/* Begin PBXNativeTarget section */
		82A39DA51C2014F300098937 /* scheduleDemo */ = {
			isa = PBXNativeTarget;
			buildConfigurationList = 82A39DB81C2014F300098937 /* Build configuration list for PBXNativeTarget "scheduleDemo" */;
			buildPhases = (
				82A39DA21C2014F300098937 /* Sources */,
				82A39DA31C2014F300098937 /* Frameworks */,
				82A39DA41C2014F300098937 /* Resources */,
			);
			buildRules = (
			);
			dependencies = (
			);
			name = scheduleDemo;
			productName = scheduleDemo;
			productReference = 82A39DA61C2014F300098937 /* scheduleDemo.app */;
			productType = "com.apple.product-type.application";
		};
/* End PBXNativeTarget section */

/* Begin PBXProject section */
		82A39D9E1C2014F300098937 /* Project object */ = {
			isa = PBXProject;
			attributes = {
				LastSwiftUpdateCheck = 0720;
				LastUpgradeCheck = 0720;
				ORGANIZATIONNAME = Talkpal;
				TargetAttributes = {
					82A39DA51C2014F300098937 = {
						CreatedOnToolsVersion = 7.2;
					};
				};
			};
			buildConfigurationList = 82A39DA11C2014F300098937 /* Build configuration list for PBXProject "scheduleDemo" */;
			compatibilityVersion = "Xcode 3.2";
			developmentRegion = English;
			hasScannedForEncodings = 0;
			knownRegions = (
				en,
				Base,
			);
			mainGroup = 82A39D9D1C2014F300098937;
			productRefGroup = 82A39DA71C2014F300098937 /* Products */;
			projectDirPath = "";
			projectRoot = "";
			targets = (
				82A39DA51C2014F300098937 /* scheduleDemo */,
			);
		};
/* End PBXProject section */

/* Begin PBXResourcesBuildPhase section */
		82A39DA41C2014F300098937 /* Resources */ = {
			isa = PBXResourcesBuildPhase;
			buildActionMask = 2147483647;
			files = (
				82A39DB41C2014F300098937 /* LaunchScreen.storyboard in Resources */,
				82A39DB11C2014F300098937 /* Assets.xcassets in Resources */,
				82A39DAF1C2014F300098937 /* Main.storyboard in Resources */,
			);
			runOnlyForDeploymentPostprocessing = 0;
		};
/* End PBXResourcesBuildPhase section */

/* Begin PBXSourcesBuildPhase section */
		82A39DA21C2014F300098937 /* Sources */ = {
			isa = PBXSourcesBuildPhase;
			buildActionMask = 2147483647;
			files = (
				82A39DAC1C2014F300098937 /* ViewController.swift in Sources */,
				82A39DAA1C2014F300098937 /* AppDelegate.swift in Sources */,
				82A39DBC1C20152A00098937 /* CanvasView.swift in Sources */,
			);
			runOnlyForDeploymentPostprocessing = 0;
		};
/* End PBXSourcesBuildPhase section */

/* Begin PBXVariantGroup section */
		82A39DAD1C2014F300098937 /* Main.storyboard */ = {
			isa = PBXVariantGroup;
			children = (
				82A39DAE1C2014F300098937 /* Base */,
			);
			name = Main.storyboard;
			sourceTree = "<group>";
		};
		82A39DB21C2014F300098937 /* LaunchScreen.storyboard */ = {
			isa = PBXVariantGroup;
			children = (
				82A39DB31C2014F300098937 /* Base */,
			);
			name = LaunchScreen.storyboard;
			sourceTree = "<group>";
		};
/* End PBXVariantGroup section */

/* Begin XCBuildConfiguration section */
		82A39DB61C2014F300098937 /* Debug */ = {
			isa = XCBuildConfiguration;
			buildSettings = {
				ALWAYS_SEARCH_USER_PATHS = NO;
				CLANG_CXX_LANGUAGE_STANDARD = "gnu++0x";
				CLANG_CXX_LIBRARY = "libc++";
				CLANG_ENABLE_MODULES = YES;
				CLANG_ENABLE_OBJC_ARC = YES;
				CLANG_WARN_BOOL_CONVERSION = YES;
				CLANG_WARN_CONSTANT_CONVERSION = YES;
				CLANG_WARN_DIRECT_OBJC_ISA_USAGE = YES_ERROR;
				CLANG_WARN_EMPTY_BODY = YES;
				CLANG_WARN_ENUM_CONVERSION = YES;
				CLANG_WARN_INT_CONVERSION = YES;
				CLANG_WARN_OBJC_ROOT_CLASS = YES_ERROR;
				CLANG_WARN_UNREACHABLE_CODE = YES;
				CLANG_WARN__DUPLICATE_METHOD_MATCH = YES;
				"CODE_SIGN_IDENTITY[sdk=iphoneos*]" = "iPhone Developer";
				COPY_PHASE_STRIP = NO;
				DEBUG_INFORMATION_FORMAT = dwarf;
				ENABLE_STRICT_OBJC_MSGSEND = YES;
				ENABLE_TESTABILITY = YES;
				GCC_C_LANGUAGE_STANDARD = gnu99;
				GCC_DYNAMIC_NO_PIC = NO;
				GCC_NO_COMMON_BLOCKS = YES;
				GCC_OPTIMIZATION_LEVEL = 0;
				GCC_PREPROCESSOR_DEFINITIONS = (
					"DEBUG=1",
					"$(inherited)",
				);
				GCC_WARN_64_TO_32_BIT_CONVERSION = YES;
				GCC_WARN_ABOUT_RETURN_TYPE = YES_ERROR;
				GCC_WARN_UNDECLARED_SELECTOR = YES;
				GCC_WARN_UNINITIALIZED_AUTOS = YES_AGGRESSIVE;
				GCC_WARN_UNUSED_FUNCTION = YES;
				GCC_WARN_UNUSED_VARIABLE = YES;
				IPHONEOS_DEPLOYMENT_TARGET = 9.2;
				MTL_ENABLE_DEBUG_INFO = YES;
				ONLY_ACTIVE_ARCH = YES;
				SDKROOT = iphoneos;
				SWIFT_OPTIMIZATION_LEVEL = "-Onone";
			};
			name = Debug;
		};
		82A39DB71C2014F300098937 /* Release */ = {
			isa = XCBuildConfiguration;
			buildSettings = {
				ALWAYS_SEARCH_USER_PATHS = NO;
				CLANG_CXX_LANGUAGE_STANDARD = "gnu++0x";
				CLANG_CXX_LIBRARY = "libc++";
				CLANG_ENABLE_MODULES = YES;
				CLANG_ENABLE_OBJC_ARC = YES;
				CLANG_WARN_BOOL_CONVERSION = YES;
				CLANG_WARN_CONSTANT_CONVERSION = YES;
				CLANG_WARN_DIRECT_OBJC_ISA_USAGE = YES_ERROR;
				CLANG_WARN_EMPTY_BODY = YES;
				CLANG_WARN_ENUM_CONVERSION = YES;
				CLANG_WARN_INT_CONVERSION = YES;
				CLANG_WARN_OBJC_ROOT_CLASS = YES_ERROR;
				CLANG_WARN_UNREACHABLE_CODE = YES;
				CLANG_WARN__DUPLICATE_METHOD_MATCH = YES;
				"CODE_SIGN_IDENTITY[sdk=iphoneos*]" = "iPhone Developer";
				COPY_PHASE_STRIP = NO;
				DEBUG_INFORMATION_FORMAT = "dwarf-with-dsym";
				ENABLE_NS_ASSERTIONS = NO;
				ENABLE_STRICT_OBJC_MSGSEND = YES;
				GCC_C_LANGUAGE_STANDARD = gnu99;
				GCC_NO_COMMON_BLOCKS = YES;
				GCC_WARN_64_TO_32_BIT_CONVERSION = YES;
				GCC_WARN_ABOUT_RETURN_TYPE = YES_ERROR;
				GCC_WARN_UNDECLARED_SELECTOR = YES;
				GCC_WARN_UNINITIALIZED_AUTOS = YES_AGGRESSIVE;
				GCC_WARN_UNUSED_FUNCTION = YES;
				GCC_WARN_UNUSED_VARIABLE = YES;
				IPHONEOS_DEPLOYMENT_TARGET = 9.2;
				MTL_ENABLE_DEBUG_INFO = NO;
				SDKROOT = iphoneos;
				VALIDATE_PRODUCT = YES;
			};
			name = Release;
		};
		82A39DB91C2014F300098937 /* Debug */ = {
			isa = XCBuildConfiguration;
			buildSettings = {
				ASSETCATALOG_COMPILER_APPICON_NAME = AppIcon;
				INFOPLIST_FILE = scheduleDemo/Info.plist;
				IPHONEOS_DEPLOYMENT_TARGET = 7.1;
				LD_RUNPATH_SEARCH_PATHS = "$(inherited) @executable_path/Frameworks";
				PRODUCT_BUNDLE_IDENTIFIER = t.testdown.scheduleDemo;
				PRODUCT_NAME = "$(TARGET_NAME)";
			};
			name = Debug;
		};
		82A39DBA1C2014F300098937 /* Release */ = {
			isa = XCBuildConfiguration;
			buildSettings = {
				ASSETCATALOG_COMPILER_APPICON_NAME = AppIcon;
				INFOPLIST_FILE = scheduleDemo/Info.plist;
				IPHONEOS_DEPLOYMENT_TARGET = 7.1;
				LD_RUNPATH_SEARCH_PATHS = "$(inherited) @executable_path/Frameworks";
				PRODUCT_BUNDLE_IDENTIFIER = t.testdown.scheduleDemo;
				PRODUCT_NAME = "$(TARGET_NAME)";
			};
			name = Release;
		};
/* End XCBuildConfiguration section */

/* Begin XCConfigurationList section */
		82A39DA11C2014F300098937 /* Build configuration list for PBXProject "scheduleDemo" */ = {
			isa = XCConfigurationList;
			buildConfigurations = (
				82A39DB61C2014F300098937 /* Debug */,
				82A39DB71C2014F300098937 /* Release */,
			);
			defaultConfigurationIsVisible = 0;
			defaultConfigurationName = Release;
		};
		82A39DB81C2014F300098937 /* Build configuration list for PBXNativeTarget "scheduleDemo" */ = {
			isa = XCConfigurationList;
			buildConfigurations = (
				82A39DB91C2014F300098937 /* Debug */,
				82A39DBA1C2014F300098937 /* Release */,
			);
			defaultConfigurationIsVisible = 0;
		};
/* End XCConfigurationList section */
	};
	rootObject = 82A39D9E1C2014F300098937 /* Project object */;
}
